
Microsoft Visual Studio Solution File, Format Version 12.00
# Visual Studio 15
VisualStudioVersion = 15.0.28307.572
MinimumVisualStudioVersion = 10.0.40219.1
Project("{9A19103F-16F7-4668-BE54-9A1E7A4F7556}") = "MicroKnights.Gender-API", "src\MicroKnights.Gender-API.csproj", "{2F3CF489-6E8A-4EBD-9AEE-E6FB8974AE2F}"
EndProject
Project("{FAE04EC0-301F-11D3-BF4B-00C04F79EFBC}") = "Gender-API-Test", "test\Gender-API-Test.csproj", "{01DB5D0C-B98F-4375-97DD-1679D33DEEBE}"
EndProject
Global
	GlobalSection(SolutionConfigurationPlatforms) = preSolution
		Debug|Any CPU = Debug|Any CPU
		Release|Any CPU = Release|Any CPU
	EndGlobalSection
	GlobalSection(ProjectConfigurationPlatforms) = postSolution
		{2F3CF489-6E8A-4EBD-9AEE-E6FB8974AE2F}.Debug|Any CPU.ActiveCfg = Debug|Any CPU
		{2F3CF489-6E8A-4EBD-9AEE-E6FB8974AE2F}.Debug|Any CPU.Build.0 = Debug|Any CPU
		{2F3CF489-6E8A-4EBD-9AEE-E6FB8974AE2F}.Release|Any CPU.ActiveCfg = Release|Any CPU
		{2F3CF489-6E8A-4EBD-9AEE-E6FB8974AE2F}.Release|Any CPU.Build.0 = Release|Any CPU
		{01DB5D0C-B98F-4375-97DD-1679D33DEEBE}.Debug|Any CPU.ActiveCfg = Debug|Any CPU
		{01DB5D0C-B98F-4375-97DD-1679D33DEEBE}.Debug|Any CPU.Build.0 = Debug|Any CPU
		{01DB5D0C-B98F-4375-97DD-1679D33DEEBE}.Release|Any CPU.ActiveCfg = Release|Any CPU
		{01DB5D0C-B98F-4375-97DD-1679D33DEEBE}.Release|Any CPU.Build.0 = Release|Any CPU
	EndGlobalSection
	GlobalSection(SolutionProperties) = preSolution
		HideSolutionNode = FALSE
	EndGlobalSection
	GlobalSection(ExtensibilityGlobals) = postSolution
		SolutionGuid = {3915C7A3-51E0-41F5-8C44-D7FC9EB6388B}
	EndGlobalSection
EndGlobal
